# THIS IS AN AUTOGENERATED FILE. DO NOT EDIT THIS FILE DIRECTLY.
# yarn lockfile v1


"@babel/parser@^7.24.4":
  version "7.24.6"
  resolved "https://registry.yarnpkg.com/@babel/parser/-/parser-7.24.6.tgz#5e030f440c3c6c78d195528c3b688b101a365328"
  integrity sha512-eNZXdfU35nJC2h24RznROuOpO94h6x8sg9ju0tT9biNtLZ2vuP8SduLqqV+/8+cebSLV9SJEAN5Z3zQbJG/M+Q==

"@esbuild/aix-ppc64@0.20.2":
  version "0.20.2"
  resolved "https://registry.yarnpkg.com/@esbuild/aix-ppc64/-/aix-ppc64-0.20.2.tgz#a70f4ac11c6a1dfc18b8bbb13284155d933b9537"
  integrity sha512-D+EBOJHXdNZcLJRBkhENNG8Wji2kgc9AZ9KiPr1JuZjsNtyHzrsfLRrY0tk2H2aoFu6RANO1y1iPPUCDYWkb5g==

"@esbuild/android-arm64@0.20.2":
  version "0.20.2"
  resolved "https://registry.yarnpkg.com/@esbuild/android-arm64/-/android-arm64-0.20.2.tgz#db1c9202a5bc92ea04c7b6840f1bbe09ebf9e6b9"
  integrity sha512-mRzjLacRtl/tWU0SvD8lUEwb61yP9cqQo6noDZP/O8VkwafSYwZ4yWy24kan8jE/IMERpYncRt2dw438LP3Xmg==

"@esbuild/android-arm@0.20.2":
  version "0.20.2"
  resolved "https://registry.yarnpkg.com/@esbuild/android-arm/-/android-arm-0.20.2.tgz#3b488c49aee9d491c2c8f98a909b785870d6e995"
  integrity sha512-t98Ra6pw2VaDhqNWO2Oph2LXbz/EJcnLmKLGBJwEwXX/JAN83Fym1rU8l0JUWK6HkIbWONCSSatf4sf2NBRx/w==

"@esbuild/android-x64@0.20.2":
  version "0.20.2"
  resolved "https://registry.yarnpkg.com/@esbuild/android-x64/-/android-x64-0.20.2.tgz#3b1628029e5576249d2b2d766696e50768449f98"
  integrity sha512-btzExgV+/lMGDDa194CcUQm53ncxzeBrWJcncOBxuC6ndBkKxnHdFJn86mCIgTELsooUmwUm9FkhSp5HYu00Rg==

"@esbuild/darwin-arm64@0.20.2":
  version "0.20.2"
  resolved "https://registry.yarnpkg.com/@esbuild/darwin-arm64/-/darwin-arm64-0.20.2.tgz#6e8517a045ddd86ae30c6608c8475ebc0c4000bb"
  integrity sha512-4J6IRT+10J3aJH3l1yzEg9y3wkTDgDk7TSDFX+wKFiWjqWp/iCfLIYzGyasx9l0SAFPT1HwSCR+0w/h1ES/MjA==

"@esbuild/darwin-x64@0.20.2":
  version "0.20.2"
  resolved "https://registry.yarnpkg.com/@esbuild/darwin-x64/-/darwin-x64-0.20.2.tgz#90ed098e1f9dd8a9381695b207e1cff45540a0d0"
  integrity sha512-tBcXp9KNphnNH0dfhv8KYkZhjc+H3XBkF5DKtswJblV7KlT9EI2+jeA8DgBjp908WEuYll6pF+UStUCfEpdysA==

"@esbuild/freebsd-arm64@0.20.2":
  version "0.20.2"
  resolved "https://registry.yarnpkg.com/@esbuild/freebsd-arm64/-/freebsd-arm64-0.20.2.tgz#d71502d1ee89a1130327e890364666c760a2a911"
  integrity sha512-d3qI41G4SuLiCGCFGUrKsSeTXyWG6yem1KcGZVS+3FYlYhtNoNgYrWcvkOoaqMhwXSMrZRl69ArHsGJ9mYdbbw==

"@esbuild/freebsd-x64@0.20.2":
  version "0.20.2"
  resolved "https://registry.yarnpkg.com/@esbuild/freebsd-x64/-/freebsd-x64-0.20.2.tgz#aa5ea58d9c1dd9af688b8b6f63ef0d3d60cea53c"
  integrity sha512-d+DipyvHRuqEeM5zDivKV1KuXn9WeRX6vqSqIDgwIfPQtwMP4jaDsQsDncjTDDsExT4lR/91OLjRo8bmC1e+Cw==

"@esbuild/linux-arm64@0.20.2":
  version "0.20.2"
  resolved "https://registry.yarnpkg.com/@esbuild/linux-arm64/-/linux-arm64-0.20.2.tgz#055b63725df678379b0f6db9d0fa85463755b2e5"
  integrity sha512-9pb6rBjGvTFNira2FLIWqDk/uaf42sSyLE8j1rnUpuzsODBq7FvpwHYZxQ/It/8b+QOS1RYfqgGFNLRI+qlq2A==

"@esbuild/linux-arm@0.20.2":
  version "0.20.2"
  resolved "https://registry.yarnpkg.com/@esbuild/linux-arm/-/linux-arm-0.20.2.tgz#76b3b98cb1f87936fbc37f073efabad49dcd889c"
  integrity sha512-VhLPeR8HTMPccbuWWcEUD1Az68TqaTYyj6nfE4QByZIQEQVWBB8vup8PpR7y1QHL3CpcF6xd5WVBU/+SBEvGTg==

"@esbuild/linux-ia32@0.20.2":
  version "0.20.2"
  resolved "https://registry.yarnpkg.com/@esbuild/linux-ia32/-/linux-ia32-0.20.2.tgz#c0e5e787c285264e5dfc7a79f04b8b4eefdad7fa"
  integrity sha512-o10utieEkNPFDZFQm9CoP7Tvb33UutoJqg3qKf1PWVeeJhJw0Q347PxMvBgVVFgouYLGIhFYG0UGdBumROyiig==

"@esbuild/linux-loong64@0.20.2":
  version "0.20.2"
  resolved "https://registry.yarnpkg.com/@esbuild/linux-loong64/-/linux-loong64-0.20.2.tgz#a6184e62bd7cdc63e0c0448b83801001653219c5"
  integrity sha512-PR7sp6R/UC4CFVomVINKJ80pMFlfDfMQMYynX7t1tNTeivQ6XdX5r2XovMmha/VjR1YN/HgHWsVcTRIMkymrgQ==

"@esbuild/linux-mips64el@0.20.2":
  version "0.20.2"
  resolved "https://registry.yarnpkg.com/@esbuild/linux-mips64el/-/linux-mips64el-0.20.2.tgz#d08e39ce86f45ef8fc88549d29c62b8acf5649aa"
  integrity sha512-4BlTqeutE/KnOiTG5Y6Sb/Hw6hsBOZapOVF6njAESHInhlQAghVVZL1ZpIctBOoTFbQyGW+LsVYZ8lSSB3wkjA==

"@esbuild/linux-ppc64@0.20.2":
  version "0.20.2"
  resolved "https://registry.yarnpkg.com/@esbuild/linux-ppc64/-/linux-ppc64-0.20.2.tgz#8d252f0b7756ffd6d1cbde5ea67ff8fd20437f20"
  integrity sha512-rD3KsaDprDcfajSKdn25ooz5J5/fWBylaaXkuotBDGnMnDP1Uv5DLAN/45qfnf3JDYyJv/ytGHQaziHUdyzaAg==

"@esbuild/linux-riscv64@0.20.2":
  version "0.20.2"
  resolved "https://registry.yarnpkg.com/@esbuild/linux-riscv64/-/linux-riscv64-0.20.2.tgz#19f6dcdb14409dae607f66ca1181dd4e9db81300"
  integrity sha512-snwmBKacKmwTMmhLlz/3aH1Q9T8v45bKYGE3j26TsaOVtjIag4wLfWSiZykXzXuE1kbCE+zJRmwp+ZbIHinnVg==

"@esbuild/linux-s390x@0.20.2":
  version "0.20.2"
  resolved "https://registry.yarnpkg.com/@esbuild/linux-s390x/-/linux-s390x-0.20.2.tgz#3c830c90f1a5d7dd1473d5595ea4ebb920988685"
  integrity sha512-wcWISOobRWNm3cezm5HOZcYz1sKoHLd8VL1dl309DiixxVFoFe/o8HnwuIwn6sXre88Nwj+VwZUvJf4AFxkyrQ==

"@esbuild/linux-x64@0.20.2":
  version "0.20.2"
  resolved "https://registry.yarnpkg.com/@esbuild/linux-x64/-/linux-x64-0.20.2.tgz#86eca35203afc0d9de0694c64ec0ab0a378f6fff"
  integrity sha512-1MdwI6OOTsfQfek8sLwgyjOXAu+wKhLEoaOLTjbijk6E2WONYpH9ZU2mNtR+lZ2B4uwr+usqGuVfFT9tMtGvGw==

"@esbuild/netbsd-x64@0.20.2":
  version "0.20.2"
  resolved "https://registry.yarnpkg.com/@esbuild/netbsd-x64/-/netbsd-x64-0.20.2.tgz#e771c8eb0e0f6e1877ffd4220036b98aed5915e6"
  integrity sha512-K8/DhBxcVQkzYc43yJXDSyjlFeHQJBiowJ0uVL6Tor3jGQfSGHNNJcWxNbOI8v5k82prYqzPuwkzHt3J1T1iZQ==

"@esbuild/openbsd-x64@0.20.2":
  version "0.20.2"
  resolved "https://registry.yarnpkg.com/@esbuild/openbsd-x64/-/openbsd-x64-0.20.2.tgz#9a795ae4b4e37e674f0f4d716f3e226dd7c39baf"
  integrity sha512-eMpKlV0SThJmmJgiVyN9jTPJ2VBPquf6Kt/nAoo6DgHAoN57K15ZghiHaMvqjCye/uU4X5u3YSMgVBI1h3vKrQ==

"@esbuild/sunos-x64@0.20.2":
  version "0.20.2"
  resolved "https://registry.yarnpkg.com/@esbuild/sunos-x64/-/sunos-x64-0.20.2.tgz#7df23b61a497b8ac189def6e25a95673caedb03f"
  integrity sha512-2UyFtRC6cXLyejf/YEld4Hajo7UHILetzE1vsRcGL3earZEW77JxrFjH4Ez2qaTiEfMgAXxfAZCm1fvM/G/o8w==

"@esbuild/win32-arm64@0.20.2":
  version "0.20.2"
  resolved "https://registry.yarnpkg.com/@esbuild/win32-arm64/-/win32-arm64-0.20.2.tgz#f1ae5abf9ca052ae11c1bc806fb4c0f519bacf90"
  integrity sha512-GRibxoawM9ZCnDxnP3usoUDO9vUkpAxIIZ6GQI+IlVmr5kP3zUq+l17xELTHMWTWzjxa2guPNyrpq1GWmPvcGQ==

"@esbuild/win32-ia32@0.20.2":
  version "0.20.2"
  resolved "https://registry.yarnpkg.com/@esbuild/win32-ia32/-/win32-ia32-0.20.2.tgz#241fe62c34d8e8461cd708277813e1d0ba55ce23"
  integrity sha512-HfLOfn9YWmkSKRQqovpnITazdtquEW8/SoHW7pWpuEeguaZI4QnCRW6b+oZTztdBnZOS2hqJ6im/D5cPzBTTlQ==

"@esbuild/win32-x64@0.20.2":
  version "0.20.2"
  resolved "https://registry.yarnpkg.com/@esbuild/win32-x64/-/win32-x64-0.20.2.tgz#9c907b21e30a52db959ba4f80bb01a0cc403d5cc"
  integrity sha512-N49X4lJX27+l9jbLKSqZ6bKNjzQvHaT8IIFUy+YIqmXQdjYCToGWwOItDrfby14c78aDd5NHQl29xingXfCdLQ==

"@jridgewell/sourcemap-codec@^1.4.15":
  version "1.4.15"
  resolved "https://registry.yarnpkg.com/@jridgewell/sourcemap-codec/-/sourcemap-codec-1.4.15.tgz#d7c6e6755c78567a951e04ab52ef0fd26de59f32"
  integrity sha512-eF2rxCRulEKXHTRiDrDy6erMYWqNw4LPdQ8UQA4huuxaQsVeRPFl2oM8oDGxMFhJUWZf9McpLtJasDDZb/Bpeg==

"@rollup/rollup-android-arm-eabi@4.18.0":
  version "4.18.0"
  resolved "https://registry.yarnpkg.com/@rollup/rollup-android-arm-eabi/-/rollup-android-arm-eabi-4.18.0.tgz#bbd0e616b2078cd2d68afc9824d1fadb2f2ffd27"
  integrity sha512-Tya6xypR10giZV1XzxmH5wr25VcZSncG0pZIjfePT0OVBvqNEurzValetGNarVrGiq66EBVAFn15iYX4w6FKgQ==

"@rollup/rollup-android-arm64@4.18.0":
  version "4.18.0"
  resolved "https://registry.yarnpkg.com/@rollup/rollup-android-arm64/-/rollup-android-arm64-4.18.0.tgz#97255ef6384c5f73f4800c0de91f5f6518e21203"
  integrity sha512-avCea0RAP03lTsDhEyfy+hpfr85KfyTctMADqHVhLAF3MlIkq83CP8UfAHUssgXTYd+6er6PaAhx/QGv4L1EiA==

"@rollup/rollup-darwin-arm64@4.18.0":
  version "4.18.0"
  resolved "https://registry.yarnpkg.com/@rollup/rollup-darwin-arm64/-/rollup-darwin-arm64-4.18.0.tgz#b6dd74e117510dfe94541646067b0545b42ff096"
  integrity sha512-IWfdwU7KDSm07Ty0PuA/W2JYoZ4iTj3TUQjkVsO/6U+4I1jN5lcR71ZEvRh52sDOERdnNhhHU57UITXz5jC1/w==

"@rollup/rollup-darwin-x64@4.18.0":
  version "4.18.0"
  resolved "https://registry.yarnpkg.com/@rollup/rollup-darwin-x64/-/rollup-darwin-x64-4.18.0.tgz#e07d76de1cec987673e7f3d48ccb8e106d42c05c"
  integrity sha512-n2LMsUz7Ynu7DoQrSQkBf8iNrjOGyPLrdSg802vk6XT3FtsgX6JbE8IHRvposskFm9SNxzkLYGSq9QdpLYpRNA==

"@rollup/rollup-linux-arm-gnueabihf@4.18.0":
  version "4.18.0"
  resolved "https://registry.yarnpkg.com/@rollup/rollup-linux-arm-gnueabihf/-/rollup-linux-arm-gnueabihf-4.18.0.tgz#9f1a6d218b560c9d75185af4b8bb42f9f24736b8"
  integrity sha512-C/zbRYRXFjWvz9Z4haRxcTdnkPt1BtCkz+7RtBSuNmKzMzp3ZxdM28Mpccn6pt28/UWUCTXa+b0Mx1k3g6NOMA==

"@rollup/rollup-linux-arm-musleabihf@4.18.0":
  version "4.18.0"
  resolved "https://registry.yarnpkg.com/@rollup/rollup-linux-arm-musleabihf/-/rollup-linux-arm-musleabihf-4.18.0.tgz#53618b92e6ffb642c7b620e6e528446511330549"
  integrity sha512-l3m9ewPgjQSXrUMHg93vt0hYCGnrMOcUpTz6FLtbwljo2HluS4zTXFy2571YQbisTnfTKPZ01u/ukJdQTLGh9A==

"@rollup/rollup-linux-arm64-gnu@4.18.0":
  version "4.18.0"
  resolved "https://registry.yarnpkg.com/@rollup/rollup-linux-arm64-gnu/-/rollup-linux-arm64-gnu-4.18.0.tgz#99a7ba5e719d4f053761a698f7b52291cefba577"
  integrity sha512-rJ5D47d8WD7J+7STKdCUAgmQk49xuFrRi9pZkWoRD1UeSMakbcepWXPF8ycChBoAqs1pb2wzvbY6Q33WmN2ftw==

"@rollup/rollup-linux-arm64-musl@4.18.0":
  version "4.18.0"
  resolved "https://registry.yarnpkg.com/@rollup/rollup-linux-arm64-musl/-/rollup-linux-arm64-musl-4.18.0.tgz#f53db99a45d9bc00ce94db8a35efa7c3c144a58c"
  integrity sha512-be6Yx37b24ZwxQ+wOQXXLZqpq4jTckJhtGlWGZs68TgdKXJgw54lUUoFYrg6Zs/kjzAQwEwYbp8JxZVzZLRepQ==

"@rollup/rollup-linux-powerpc64le-gnu@4.18.0":
  version "4.18.0"
  resolved "https://registry.yarnpkg.com/@rollup/rollup-linux-powerpc64le-gnu/-/rollup-linux-powerpc64le-gnu-4.18.0.tgz#cbb0837408fe081ce3435cf3730e090febafc9bf"
  integrity sha512-hNVMQK+qrA9Todu9+wqrXOHxFiD5YmdEi3paj6vP02Kx1hjd2LLYR2eaN7DsEshg09+9uzWi2W18MJDlG0cxJA==

"@rollup/rollup-linux-riscv64-gnu@4.18.0":
  version "4.18.0"
  resolved "https://registry.yarnpkg.com/@rollup/rollup-linux-riscv64-gnu/-/rollup-linux-riscv64-gnu-4.18.0.tgz#8ed09c1d1262ada4c38d791a28ae0fea28b80cc9"
  integrity sha512-ROCM7i+m1NfdrsmvwSzoxp9HFtmKGHEqu5NNDiZWQtXLA8S5HBCkVvKAxJ8U+CVctHwV2Gb5VUaK7UAkzhDjlg==

"@rollup/rollup-linux-s390x-gnu@4.18.0":
  version "4.18.0"
  resolved "https://registry.yarnpkg.com/@rollup/rollup-linux-s390x-gnu/-/rollup-linux-s390x-gnu-4.18.0.tgz#938138d3c8e0c96f022252a28441dcfb17afd7ec"
  integrity sha512-0UyyRHyDN42QL+NbqevXIIUnKA47A+45WyasO+y2bGJ1mhQrfrtXUpTxCOrfxCR4esV3/RLYyucGVPiUsO8xjg==

"@rollup/rollup-linux-x64-gnu@4.18.0":
  version "4.18.0"
  resolved "https://registry.yarnpkg.com/@rollup/rollup-linux-x64-gnu/-/rollup-linux-x64-gnu-4.18.0.tgz#1a7481137a54740bee1ded4ae5752450f155d942"
  integrity sha512-xuglR2rBVHA5UsI8h8UbX4VJ470PtGCf5Vpswh7p2ukaqBGFTnsfzxUBetoWBWymHMxbIG0Cmx7Y9qDZzr648w==

"@rollup/rollup-linux-x64-musl@4.18.0":
  version "4.18.0"
  resolved "https://registry.yarnpkg.com/@rollup/rollup-linux-x64-musl/-/rollup-linux-x64-musl-4.18.0.tgz#f1186afc601ac4f4fc25fac4ca15ecbee3a1874d"
  integrity sha512-LKaqQL9osY/ir2geuLVvRRs+utWUNilzdE90TpyoX0eNqPzWjRm14oMEE+YLve4k/NAqCdPkGYDaDF5Sw+xBfg==

"@rollup/rollup-win32-arm64-msvc@4.18.0":
  version "4.18.0"
  resolved "https://registry.yarnpkg.com/@rollup/rollup-win32-arm64-msvc/-/rollup-win32-arm64-msvc-4.18.0.tgz#ed6603e93636a96203c6915be4117245c1bd2daf"
  integrity sha512-7J6TkZQFGo9qBKH0pk2cEVSRhJbL6MtfWxth7Y5YmZs57Pi+4x6c2dStAUvaQkHQLnEQv1jzBUW43GvZW8OFqA==

"@rollup/rollup-win32-ia32-msvc@4.18.0":
  version "4.18.0"
  resolved "https://registry.yarnpkg.com/@rollup/rollup-win32-ia32-msvc/-/rollup-win32-ia32-msvc-4.18.0.tgz#14e0b404b1c25ebe6157a15edb9c46959ba74c54"
  integrity sha512-Txjh+IxBPbkUB9+SXZMpv+b/vnTEtFyfWZgJ6iyCmt2tdx0OF5WhFowLmnh8ENGNpfUlUZkdI//4IEmhwPieNg==

"@rollup/rollup-win32-x64-msvc@4.18.0":
  version "4.18.0"
  resolved "https://registry.yarnpkg.com/@rollup/rollup-win32-x64-msvc/-/rollup-win32-x64-msvc-4.18.0.tgz#5d694d345ce36b6ecf657349e03eb87297e68da4"
  integrity sha512-UOo5FdvOL0+eIVTgS4tIdbW+TtnBLWg1YBCcU2KWM7nuNwRz9bksDX1bekJJCpu25N1DVWaCwnT39dVQxzqS8g==

"@tsparticles/basic@^3.4.0":
  version "3.4.0"
  resolved "https://registry.yarnpkg.com/@tsparticles/basic/-/basic-3.4.0.tgz#158fa4f998c34bc73ba8ca39c67da20d5f3c4935"
  integrity sha512-a0HxG0GOhXof7NDqcqdyu9XpmCAQ0M402YECz/jsH4CkBpz3ut0BrgnyjT6Xcqna3pR1Kv1m516/sV2fwNnnQw==
  dependencies:
    "@tsparticles/engine" "^3.4.0"
    "@tsparticles/move-base" "^3.4.0"
    "@tsparticles/shape-circle" "^3.4.0"
    "@tsparticles/updater-color" "^3.4.0"
    "@tsparticles/updater-opacity" "^3.4.0"
    "@tsparticles/updater-out-modes" "^3.4.0"
    "@tsparticles/updater-size" "^3.4.0"

"@tsparticles/engine@^3.0.3", "@tsparticles/engine@^3.4.0":
  version "3.4.0"
  resolved "https://registry.yarnpkg.com/@tsparticles/engine/-/engine-3.4.0.tgz#0c07d454bd14823a808c822b57f0b82a2416f972"
  integrity sha512-OqoMZYJCoiihNnexnnSmInEMNXr0Z8CmE1HSiFVeifgK1qUlonTFe2G09KdvNT8ZdvmIC513yTpFJNDbnMZYRQ==

"@tsparticles/interaction-external-attract@^3.4.0":
  version "3.4.0"
  resolved "https://registry.yarnpkg.com/@tsparticles/interaction-external-attract/-/interaction-external-attract-3.4.0.tgz#5bc6a396a7c6c863ecfeb28c2b519f859c0f5ce7"
  integrity sha512-6enSRkoXyK0JvW8bJuj2xAUuu9VzDiFvRCPaL+5dcLcDpjheh8nWpGzrgo8p9VxLL5VRYv7PxnYPMviBMQ7WzA==
  dependencies:
    "@tsparticles/engine" "^3.4.0"

"@tsparticles/interaction-external-bounce@^3.4.0":
  version "3.4.0"
  resolved "https://registry.yarnpkg.com/@tsparticles/interaction-external-bounce/-/interaction-external-bounce-3.4.0.tgz#860de94017d5b7164dbbdbf63bae81ce23aa7033"
  integrity sha512-yiTJD8t+Uzpo9lyhHlaC+azu49dJtrFVhbVZdDaiTNm1L1stFQBrc+9NY63BfQDEkDmSz4uWvQXQMru2KY+40g==
  dependencies:
    "@tsparticles/engine" "^3.4.0"

"@tsparticles/interaction-external-bubble@^3.4.0":
  version "3.4.0"
  resolved "https://registry.yarnpkg.com/@tsparticles/interaction-external-bubble/-/interaction-external-bubble-3.4.0.tgz#4e73722c17bb1618304948b102bf7852ab730ec9"
  integrity sha512-CQ1nC6Or8qAAkH7A2x3FkP473caM7UWQiiN4zR4JtSZu06+2Y0V09LXguQKx1RWDehgRvkylQ4Dgur4a5qNb8w==
  dependencies:
    "@tsparticles/engine" "^3.4.0"

"@tsparticles/interaction-external-connect@^3.4.0":
  version "3.4.0"
  resolved "https://registry.yarnpkg.com/@tsparticles/interaction-external-connect/-/interaction-external-connect-3.4.0.tgz#06281f346fdd4f0e10452b26b861b8997c082377"
  integrity sha512-UBzs0iV7wLbrL2VIuCT25asUjjXGCiVC/kCM5NtG7+gd6wDB8DbjZPjHviI7AnEnJdBPeZ2eeYIVuLiO1Xpd3A==
  dependencies:
    "@tsparticles/engine" "^3.4.0"

"@tsparticles/interaction-external-grab@^3.4.0":
  version "3.4.0"
  resolved "https://registry.yarnpkg.com/@tsparticles/interaction-external-grab/-/interaction-external-grab-3.4.0.tgz#d44ba3141fb6f1601a234d61a35ce320c89d5cc2"
  integrity sha512-BsnwN1x+nYUCD7iSu/wLX//awAka1Vf5gnynBqgmz0odAlN3Wv2i9iR/JkzDQynmGLJPHffYgkXC8LWXgZZznQ==
  dependencies:
    "@tsparticles/engine" "^3.4.0"

"@tsparticles/interaction-external-pause@^3.4.0":
  version "3.4.0"
  resolved "https://registry.yarnpkg.com/@tsparticles/interaction-external-pause/-/interaction-external-pause-3.4.0.tgz#fd153355dbe9b23d85a0677f296e054aa2c17283"
  integrity sha512-B6xvHLLktN9BHPcIbAxc7F68aDOnieKAxPwqSuvRtQrEP0Q3xcvTkw1TBwzehr9mZH+0SVGzPfH8BMWI4EP1Xg==
  dependencies:
    "@tsparticles/engine" "^3.4.0"

"@tsparticles/interaction-external-push@^3.4.0":
  version "3.4.0"
  resolved "https://registry.yarnpkg.com/@tsparticles/interaction-external-push/-/interaction-external-push-3.4.0.tgz#1f96cfdbe0e5e9f5759114f2737bf2845a9a16f9"
  integrity sha512-SriLK1X45CaLwzxjtDo5nCGtF8lwPwK5zYO6+UU+9djUzbh/dBlXQr63ovm/jYPE+yGPRxAhJLdiHpss6aaavQ==
  dependencies:
    "@tsparticles/engine" "^3.4.0"

"@tsparticles/interaction-external-remove@^3.4.0":
  version "3.4.0"
  resolved "https://registry.yarnpkg.com/@tsparticles/interaction-external-remove/-/interaction-external-remove-3.4.0.tgz#1a468348aa8734824b5a25c882f4bc67dea2bbdb"
  integrity sha512-9W4v8s3J+4l9AXpAvvAMbdG0G6y0HHA+/ZmP/9CtVc1fqVDDrMHL0ojXuVlGMxVjKgwuO28x8+jOAuM7PHiSsQ==
  dependencies:
    "@tsparticles/engine" "^3.4.0"

"@tsparticles/interaction-external-repulse@^3.4.0":
  version "3.4.0"
  resolved "https://registry.yarnpkg.com/@tsparticles/interaction-external-repulse/-/interaction-external-repulse-3.4.0.tgz#9f2ea3ef7fd55454687f3e57429c294e81fde9c7"
  integrity sha512-5tM8uLGsKMUhZ2+Acy8XHrw1MN+apqNBhfVYoZ5UdH2soX1xAicSCrEpSObiS1xjCmkpRlkfls3Ygo4FHz3eSg==
  dependencies:
    "@tsparticles/engine" "^3.4.0"

"@tsparticles/interaction-external-slow@^3.4.0":
  version "3.4.0"
  resolved "https://registry.yarnpkg.com/@tsparticles/interaction-external-slow/-/interaction-external-slow-3.4.0.tgz#4dbf97a92cf4ae09ac54487593b4b6cd31f0d750"
  integrity sha512-bBlKG3VS8g64+HiDlu9RbWt/3bIepEu25w8G2zTB+GQMBqDpKsMioWWKNT66w/661U1BlvUZWHaJE/OdMCZTZw==
  dependencies:
    "@tsparticles/engine" "^3.4.0"

"@tsparticles/interaction-external-trail@^3.4.0":
  version "3.4.0"
  resolved "https://registry.yarnpkg.com/@tsparticles/interaction-external-trail/-/interaction-external-trail-3.4.0.tgz#a1be6b0089873606d7bcc1930b4bc824e6ec346d"
  integrity sha512-hpcfv04zto67kjG7X1nx+Bv9eolkUBNLHcy9gSgco83/ARNKLgcOA+xYz5OFzZ5ImKyGZQggzYOPSwBZx+9MQg==
  dependencies:
    "@tsparticles/engine" "^3.4.0"

"@tsparticles/interaction-particles-attract@^3.4.0":
  version "3.4.0"
  resolved "https://registry.yarnpkg.com/@tsparticles/interaction-particles-attract/-/interaction-particles-attract-3.4.0.tgz#31ff79cb2126d8d25ae27e48aabe8084f79c1f19"
  integrity sha512-Ye6f37AZYaMExjsZSoOEMsTSFIPs3ZZCxiQmiCeH+gNK8yGXJDLkWwZUN0S7S4GJDf24Nt4S+gunKJxO8C3qGQ==
  dependencies:
    "@tsparticles/engine" "^3.4.0"

"@tsparticles/interaction-particles-collisions@^3.4.0":
  version "3.4.0"
  resolved "https://registry.yarnpkg.com/@tsparticles/interaction-particles-collisions/-/interaction-particles-collisions-3.4.0.tgz#56869a63e5014f0bc4455a995397f320b78e83f9"
  integrity sha512-JmDyXlGS6vSrUxvgMf/t6hsnsAS4YRc9rZM3CcmfyUM9UG9/+vef/cekNDSVRzszk5KcFF70w2FLJ6EhYs0ecA==
  dependencies:
    "@tsparticles/engine" "^3.4.0"

"@tsparticles/interaction-particles-links@^3.4.0":
  version "3.4.0"
  resolved "https://registry.yarnpkg.com/@tsparticles/interaction-particles-links/-/interaction-particles-links-3.4.0.tgz#b6c262a2c7cc533d397300b5c3d89a79894ac9d3"
  integrity sha512-2UhzNsZCSF69L0PGwlJARNx3qrMdSrl5p/TgO5Q5w7iwBU1x/W27O+TDQvNdMHsOLPPUomUI+jJfRXY2snqp3Q==
  dependencies:
    "@tsparticles/engine" "^3.4.0"

"@tsparticles/move-base@^3.4.0":
  version "3.4.0"
  resolved "https://registry.yarnpkg.com/@tsparticles/move-base/-/move-base-3.4.0.tgz#3880890f7a8637276b6aa46e6b7414e2bbb07577"
  integrity sha512-4P9CzgVN7INogAvqkg/cEA+6WKeGUAtsgljJ2rUADgNBiScW1oJZAw/004AZiOlonLRiUZujUCNS4zlAg62ZvQ==
  dependencies:
    "@tsparticles/engine" "^3.4.0"

"@tsparticles/move-parallax@^3.4.0":
  version "3.4.0"
  resolved "https://registry.yarnpkg.com/@tsparticles/move-parallax/-/move-parallax-3.4.0.tgz#ad651aa35c73f3fbe7750d7e05f2593c40876946"
  integrity sha512-5GdTxro5y3+GFNabaHPFuJl2zOpiyDZJ0D96QAY/sRnI5NNASj7n9QgUeViPdAsOOIgrHgIMl43MqJSUbuK4tw==
  dependencies:
    "@tsparticles/engine" "^3.4.0"

"@tsparticles/plugin-absorbers@^3.4.0":
  version "3.4.0"
  resolved "https://registry.yarnpkg.com/@tsparticles/plugin-absorbers/-/plugin-absorbers-3.4.0.tgz#b5a665c9da851e6609d133dfe2f8d1c4b8c308e3"
  integrity sha512-yFSqlTYWWjItTuVA9VPpGkzA1VqUFhTg/XrrwYRZnIPnfvFMnguwQIPvYkgubEJT9/EurWTyJ/AnCdbi+b7hSQ==
  dependencies:
    "@tsparticles/engine" "^3.4.0"

"@tsparticles/plugin-easing-quad@^3.4.0":
  version "3.4.0"
  resolved "https://registry.yarnpkg.com/@tsparticles/plugin-easing-quad/-/plugin-easing-quad-3.4.0.tgz#33ccc5858301b1e85febcb5c384f3df1ed6432bf"
  integrity sha512-JgZDeoES8ONrt+pKdDRrUkTKJRfjgRpTlLgr2KqqadI+lSOQIw/QJuXfCu25/47wJLcPUxP1melclp6X/IhNog==
  dependencies:
    "@tsparticles/engine" "^3.4.0"

"@tsparticles/plugin-emitters-shape-circle@^3.4.0":
  version "3.4.0"
  resolved "https://registry.yarnpkg.com/@tsparticles/plugin-emitters-shape-circle/-/plugin-emitters-shape-circle-3.4.0.tgz#5c597747d092baafd2ee90776615b1f9a1b0bd78"
  integrity sha512-bs8E1GL3n/YlWtDBuBFo8CgT7n5a193uno9EaHLiAwgdFcp5yrz9D+3tX4WtVlAiMnfTdWhanFPoiBYYdACB0w==
  dependencies:
    "@tsparticles/engine" "^3.4.0"
    "@tsparticles/plugin-emitters" "^3.4.0"

"@tsparticles/plugin-emitters-shape-square@^3.4.0":
  version "3.4.0"
  resolved "https://registry.yarnpkg.com/@tsparticles/plugin-emitters-shape-square/-/plugin-emitters-shape-square-3.4.0.tgz#72e12754b4828389f93dc10b687618437d408c33"
  integrity sha512-ne4qKSNbc3fqLFClCUNd7g5qhuChxLVwj+MAe/+4ECYjDQBIrGcJrH2mgmdi5KpOPqKtnIQpC4etwJ084w1UMA==
  dependencies:
    "@tsparticles/engine" "^3.4.0"
    "@tsparticles/plugin-emitters" "^3.4.0"

"@tsparticles/plugin-emitters@^3.4.0":
  version "3.4.0"
  resolved "https://registry.yarnpkg.com/@tsparticles/plugin-emitters/-/plugin-emitters-3.4.0.tgz#eb29ea5dbaae52cca91fb9cd203438c637fc87d0"
  integrity sha512-B3I12hcELE+MDi2jmSFHiC5x8/c4n412VZFOAJcimMfb919gaF1mC/Ac9yR8OCmIdEXYDjf/dyg8xUtSUVlV2g==
  dependencies:
    "@tsparticles/engine" "^3.4.0"

"@tsparticles/shape-circle@^3.4.0":
  version "3.4.0"
  resolved "https://registry.yarnpkg.com/@tsparticles/shape-circle/-/shape-circle-3.4.0.tgz#422fcd7967aa2c9679de3b05239e1e668bb9f7bc"
  integrity sha512-X1ynt8h7bO+xep12Vkxeo2fImbKzLMEZr0qY3vKZzhHcy0/lxoo505pwyVL2+V98eZNOu9fmQM7vlIt/0FGTcg==
  dependencies:
    "@tsparticles/engine" "^3.4.0"

"@tsparticles/shape-emoji@^3.4.0":
  version "3.4.0"
  resolved "https://registry.yarnpkg.com/@tsparticles/shape-emoji/-/shape-emoji-3.4.0.tgz#515cac65040d94d4ad59e051798bc106cf59357c"
  integrity sha512-fzuRdwzikhiE7bgagNJVFccvipy7+bcG6PGvfGmJO3FQIwYSTRV2mJVsI/uPQkBUGJyzJPncp7FzEix/D3PDCA==
  dependencies:
    "@tsparticles/engine" "^3.4.0"

"@tsparticles/shape-image@^3.4.0":
  version "3.4.0"
  resolved "https://registry.yarnpkg.com/@tsparticles/shape-image/-/shape-image-3.4.0.tgz#6a220cb33d834323e87fa1088b876de46455ee4b"
  integrity sha512-US7MYYFP0iMqWs9JiPNmqFSIxmsqkTF6gW6VvDDGtBEUxw3wubSEln3Gc3PQBpa/Tq0jwkUfd1/zkyahOrycUw==
  dependencies:
    "@tsparticles/engine" "^3.4.0"

"@tsparticles/shape-line@^3.4.0":
  version "3.4.0"
  resolved "https://registry.yarnpkg.com/@tsparticles/shape-line/-/shape-line-3.4.0.tgz#9f653a3d7079bfd0b3186d86fc6992d042cf811a"
  integrity sha512-pXItuUBtIatcQQLp+CS1HZjHtpGVqswFxDaFZv0b9Ulx+7I48i4T5r6LCF2ngo+3xcT+rDdAF/Ca/oCunztBBA==
  dependencies:
    "@tsparticles/engine" "^3.4.0"

"@tsparticles/shape-polygon@^3.4.0":
  version "3.4.0"
  resolved "https://registry.yarnpkg.com/@tsparticles/shape-polygon/-/shape-polygon-3.4.0.tgz#9e55f0fae71a11a4cb00cc8a9245cf69395452aa"
  integrity sha512-qA7nXwWufVZLyS1CT9cFNqcjgLRQQnILc3w1gkH7B80uGYg4bLgQcOZiI7OwifOFkgyI6Mvb0XRntl+NQaDDRA==
  dependencies:
    "@tsparticles/engine" "^3.4.0"

"@tsparticles/shape-square@^3.4.0":
  version "3.4.0"
  resolved "https://registry.yarnpkg.com/@tsparticles/shape-square/-/shape-square-3.4.0.tgz#1e6f2abdd29ecabedd96ce805ba05a0008c98a44"
  integrity sha512-pUXAbSnW5aTMFFjAP3GHMxqbah3ADibuQcEmIgts5tNUKY8Bl0Syx5pllpe81z2AMJCsQncC15/M19DU/H+YXw==
  dependencies:
    "@tsparticles/engine" "^3.4.0"

"@tsparticles/shape-star@^3.4.0":
  version "3.4.0"
  resolved "https://registry.yarnpkg.com/@tsparticles/shape-star/-/shape-star-3.4.0.tgz#c1efcb8c7daa08c10a18cb24b64e0d768f0c8e51"
  integrity sha512-Gy4FLvVh0qBTVAZbBeV3MfsofYXycxO60/5HqNePsG3+sO/o5DKGZqf/Fw1Cacrb1QYg5A59P/122MZTMnLqEA==
  dependencies:
    "@tsparticles/engine" "^3.4.0"

"@tsparticles/shape-text@^3.4.0":
  version "3.4.0"
  resolved "https://registry.yarnpkg.com/@tsparticles/shape-text/-/shape-text-3.4.0.tgz#4bd46e85c7c3621493f35f1bccca295ad53cbe02"
  integrity sha512-5Ney+vAoEZ1uM6z1QkJG+za55SdrTn+91ChGnuixUg8dbu+jGro9wqrywigYe6RNNCMxVmmxr455c9ub0hTLqw==
  dependencies:
    "@tsparticles/engine" "^3.4.0"

"@tsparticles/slim@^3.4.0":
  version "3.4.0"
  resolved "https://registry.yarnpkg.com/@tsparticles/slim/-/slim-3.4.0.tgz#84793423945c3a900f2e309db9f5777fd2978351"
  integrity sha512-ukQqSdTzBlZHnD6MwRCdJBWbfgWSRNa4BG+H8IVAU5ggdQ7AbnDsdMG/o49cvstguGsKSbjmHYFNkDYGeKasuw==
  dependencies:
    "@tsparticles/basic" "^3.4.0"
    "@tsparticles/engine" "^3.4.0"
    "@tsparticles/interaction-external-attract" "^3.4.0"
    "@tsparticles/interaction-external-bounce" "^3.4.0"
    "@tsparticles/interaction-external-bubble" "^3.4.0"
    "@tsparticles/interaction-external-connect" "^3.4.0"
    "@tsparticles/interaction-external-grab" "^3.4.0"
    "@tsparticles/interaction-external-pause" "^3.4.0"
    "@tsparticles/interaction-external-push" "^3.4.0"
    "@tsparticles/interaction-external-remove" "^3.4.0"
    "@tsparticles/interaction-external-repulse" "^3.4.0"
    "@tsparticles/interaction-external-slow" "^3.4.0"
    "@tsparticles/interaction-particles-attract" "^3.4.0"
    "@tsparticles/interaction-particles-collisions" "^3.4.0"
    "@tsparticles/interaction-particles-links" "^3.4.0"
    "@tsparticles/move-parallax" "^3.4.0"
    "@tsparticles/plugin-easing-quad" "^3.4.0"
    "@tsparticles/shape-emoji" "^3.4.0"
    "@tsparticles/shape-image" "^3.4.0"
    "@tsparticles/shape-line" "^3.4.0"
    "@tsparticles/shape-polygon" "^3.4.0"
    "@tsparticles/shape-square" "^3.4.0"
    "@tsparticles/shape-star" "^3.4.0"
    "@tsparticles/updater-life" "^3.4.0"
    "@tsparticles/updater-rotate" "^3.4.0"
    "@tsparticles/updater-stroke-color" "^3.4.0"

"@tsparticles/updater-color@^3.4.0":
  version "3.4.0"
  resolved "https://registry.yarnpkg.com/@tsparticles/updater-color/-/updater-color-3.4.0.tgz#ab1b978fddeae257679c589ece36100edc50d82f"
  integrity sha512-joT5O/78p7n3jBq1aiFEp4wMevv8WtfjBJnODwEUO7aiHRozs9tA05djVLYZ7kjH0bLymJoPwxM46SEGSTsh+g==
  dependencies:
    "@tsparticles/engine" "^3.4.0"

"@tsparticles/updater-destroy@^3.4.0":
  version "3.4.0"
  resolved "https://registry.yarnpkg.com/@tsparticles/updater-destroy/-/updater-destroy-3.4.0.tgz#b55922afea170b4c839b88416b94b7de654c0e40"
  integrity sha512-XFyA2PpDAEuct2uACdMO/GE8LmQ54hJenF+tr9/FJKK18vcVJDkn0a36ShIG4zw36ds36mLqkNLcAAjnZ3pigw==
  dependencies:
    "@tsparticles/engine" "^3.4.0"

"@tsparticles/updater-life@^3.4.0":
  version "3.4.0"
  resolved "https://registry.yarnpkg.com/@tsparticles/updater-life/-/updater-life-3.4.0.tgz#1b6f9055a6908491b4a23839237dc98eb074c2fa"
  integrity sha512-bFx/3TTNNnWVmHkrfwXVlLc7R8QfbeX+KQ6dy09n+i2Vs3HnQUF7/VITjt0erNzyHfnqh+q+80gCn6X4brvwEQ==
  dependencies:
    "@tsparticles/engine" "^3.4.0"

"@tsparticles/updater-opacity@^3.4.0":
  version "3.4.0"
  resolved "https://registry.yarnpkg.com/@tsparticles/updater-opacity/-/updater-opacity-3.4.0.tgz#e97b019342dbf369852184f9c63779b9450d8dbc"
  integrity sha512-OCWbebZykDh8ZbTiTQX+pBRXHfTMMJpNXbFps4lTSHXHMDsbEMl5a3/TEFeUk3rd0wkiRSCjPUSGKupoU5B14w==
  dependencies:
    "@tsparticles/engine" "^3.4.0"

"@tsparticles/updater-out-modes@^3.4.0":
  version "3.4.0"
  resolved "https://registry.yarnpkg.com/@tsparticles/updater-out-modes/-/updater-out-modes-3.4.0.tgz#56f4e506985946bc1700bfa323f0982258b7f5c5"
  integrity sha512-i80MSXpnfivKlfA0FbAxk2CfZGNG3rPNtx5Pz/ZCDQ71j1YFjztdwfugp9oueu/sLfOSw4hIKfyR062zpgZp6Q==
  dependencies:
    "@tsparticles/engine" "^3.4.0"

"@tsparticles/updater-roll@^3.4.0":
  version "3.4.0"
  resolved "https://registry.yarnpkg.com/@tsparticles/updater-roll/-/updater-roll-3.4.0.tgz#4d4f98d012e17fc2bb657a0aa0438e63f8e5f092"
  integrity sha512-PhkZ7gJZTrAE3S2nYPmxXDCCxXcy7vfqosp4LnKyOLbZH1YwMy+2oltN6Ni22lMz794C2q+zURyZBu2oeH+rgA==
  dependencies:
    "@tsparticles/engine" "^3.4.0"

"@tsparticles/updater-rotate@^3.4.0":
  version "3.4.0"
  resolved "https://registry.yarnpkg.com/@tsparticles/updater-rotate/-/updater-rotate-3.4.0.tgz#be97be700909fabbcdce3acc0cc7619718b160a0"
  integrity sha512-BKmzN8YLSUPe6OngmhmjPCBJ2RpBi88nfoNJekZnVJpbRses1pV632EaOIAEVT1xsUrwVhvsXYa9Sv5iZxfIRg==
  dependencies:
    "@tsparticles/engine" "^3.4.0"

"@tsparticles/updater-size@^3.4.0":
  version "3.4.0"
  resolved "https://registry.yarnpkg.com/@tsparticles/updater-size/-/updater-size-3.4.0.tgz#0e2576d1f3e117fced69a94373dd95a31a68176f"
  integrity sha512-3z7INo2E7HR+ps8V490mOiLcCaFmUJFgObXBO3lF6uZ1xe6SfvVsX2r1HpQLwIpq7Ph2ZqQ4tj8tBPyKtada7g==
  dependencies:
    "@tsparticles/engine" "^3.4.0"

"@tsparticles/updater-stroke-color@^3.4.0":
  version "3.4.0"
  resolved "https://registry.yarnpkg.com/@tsparticles/updater-stroke-color/-/updater-stroke-color-3.4.0.tgz#35f9f6e701999b89079b1056962f64adf2540cff"
  integrity sha512-5pe/777vPZgzlNBkh8GQ3fjT6273wcwlBeq4UkDA/q6bI867d8W+Fi8yUsqfdiS6B5tKSvVsI8rFrfwjEvW0pg==
  dependencies:
    "@tsparticles/engine" "^3.4.0"

"@tsparticles/updater-tilt@^3.4.0":
  version "3.4.0"
  resolved "https://registry.yarnpkg.com/@tsparticles/updater-tilt/-/updater-tilt-3.4.0.tgz#aeaf1ea15a81d08ccfa5db28dd958c00dd51e140"
  integrity sha512-thrQC37W2Psdr7arqxMeJ0iRM39y4JTRd9cQQVYCIhYkkQeSC6obujNZb+1BDjNM93HduSHKSK1aSXS0TCEWmg==
  dependencies:
    "@tsparticles/engine" "^3.4.0"

"@tsparticles/updater-twinkle@^3.4.0":
  version "3.4.0"
  resolved "https://registry.yarnpkg.com/@tsparticles/updater-twinkle/-/updater-twinkle-3.4.0.tgz#3f0f15cc0a4a9c179fec3d76f9aa34042e161fa9"
  integrity sha512-EQlEO9YRPBXFBu6Yo9z4R0KZuJJc3hZrBYY5g9t/hWyxwiFY2RlDnRpK9h02SEa/qXwegm96Ka60zs+P2OFzzw==
  dependencies:
    "@tsparticles/engine" "^3.4.0"

"@tsparticles/updater-wobble@^3.4.0":
  version "3.4.0"
  resolved "https://registry.yarnpkg.com/@tsparticles/updater-wobble/-/updater-wobble-3.4.0.tgz#fc97723315cedc3642c9fe65c3c481e76a71bc08"
  integrity sha512-/+u3ZuyFQW8yH3uY6qEa5zsQi41JSbgqltcrjAPCgcOEtfwXaTUI/XqjMlppkoyA58lfA8nJhWZWVNTjFY3x7g==
  dependencies:
    "@tsparticles/engine" "^3.4.0"

"@tsparticles/vue3@^3.0.1":
  version "3.0.1"
  resolved "https://registry.yarnpkg.com/@tsparticles/vue3/-/vue3-3.0.1.tgz#5178d4c7c3a7e64a15bd21690ba8863d80481124"
  integrity sha512-BxaSZ0wtxq33SDsrqLkLWoV88Jd5BnBoYjyVhKSNzOLOesCiG8Z5WQC1QZGTez79l/gBe0xaCDF0ng1e2iKJvA==
  dependencies:
    "@tsparticles/engine" "^3.0.3"
    vue "^3.3.13"

"@types/estree@1.0.5":
  version "1.0.5"
  resolved "https://registry.yarnpkg.com/@types/estree/-/estree-1.0.5.tgz#a6ce3e556e00fd9895dd872dd172ad0d4bd687f4"
  integrity sha512-/kYRxGDLWzHOB7q+wtSUQlFrtcdUccpfy+X+9iMBpHK8QLLhx2wIPYuS5DYtR9Wa/YlZAbIovy7qVdB1Aq6Lyw==

"@vitejs/plugin-vue@^5.0.4":
  version "5.0.5"
  resolved "https://registry.yarnpkg.com/@vitejs/plugin-vue/-/plugin-vue-5.0.5.tgz#e3dc11e427d4b818b7e3202766ad156e3d5e2eaa"
  integrity sha512-LOjm7XeIimLBZyzinBQ6OSm3UBCNVCpLkxGC0oWmm2YPzVZoxMsdvNVimLTBzpAnR9hl/yn1SHGuRfe6/Td9rQ==

"@vue/compiler-core@3.4.27":
  version "3.4.27"
  resolved "https://registry.yarnpkg.com/@vue/compiler-core/-/compiler-core-3.4.27.tgz#e69060f4b61429fe57976aa5872cfa21389e4d91"
  integrity sha512-E+RyqY24KnyDXsCuQrI+mlcdW3ALND6U7Gqa/+bVwbcpcR3BRRIckFoz7Qyd4TTlnugtwuI7YgjbvsLmxb+yvg==
  dependencies:
    "@babel/parser" "^7.24.4"
    "@vue/shared" "3.4.27"
    entities "^4.5.0"
    estree-walker "^2.0.2"
    source-map-js "^1.2.0"

"@vue/compiler-dom@3.4.27":
  version "3.4.27"
  resolved "https://registry.yarnpkg.com/@vue/compiler-dom/-/compiler-dom-3.4.27.tgz#d51d35f40d00ce235d7afc6ad8b09dfd92b1cc1c"
  integrity sha512-kUTvochG/oVgE1w5ViSr3KUBh9X7CWirebA3bezTbB5ZKBQZwR2Mwj9uoSKRMFcz4gSMzzLXBPD6KpCLb9nvWw==
  dependencies:
    "@vue/compiler-core" "3.4.27"
    "@vue/shared" "3.4.27"

"@vue/compiler-sfc@3.4.27":
  version "3.4.27"
  resolved "https://registry.yarnpkg.com/@vue/compiler-sfc/-/compiler-sfc-3.4.27.tgz#399cac1b75c6737bf5440dc9cf3c385bb2959701"
  integrity sha512-nDwntUEADssW8e0rrmE0+OrONwmRlegDA1pD6QhVeXxjIytV03yDqTey9SBDiALsvAd5U4ZrEKbMyVXhX6mCGA==
  dependencies:
    "@babel/parser" "^7.24.4"
    "@vue/compiler-core" "3.4.27"
    "@vue/compiler-dom" "3.4.27"
    "@vue/compiler-ssr" "3.4.27"
    "@vue/shared" "3.4.27"
    estree-walker "^2.0.2"
    magic-string "^0.30.10"
    postcss "^8.4.38"
    source-map-js "^1.2.0"

"@vue/compiler-ssr@3.4.27":
  version "3.4.27"
  resolved "https://registry.yarnpkg.com/@vue/compiler-ssr/-/compiler-ssr-3.4.27.tgz#2a8ecfef1cf448b09be633901a9c020360472e3d"
  integrity sha512-CVRzSJIltzMG5FcidsW0jKNQnNRYC8bT21VegyMMtHmhW3UOI7knmUehzswXLrExDLE6lQCZdrhD4ogI7c+vuw==
  dependencies:
    "@vue/compiler-dom" "3.4.27"
    "@vue/shared" "3.4.27"

"@vue/devtools-api@^6.5.1":
  version "6.6.3"
  resolved "https://registry.yarnpkg.com/@vue/devtools-api/-/devtools-api-6.6.3.tgz#b23a588154cba8986bba82b6e1d0248bde3fd1a0"
  integrity sha512-0MiMsFma/HqA6g3KLKn+AGpL1kgKhFWszC9U29NfpWK5LE7bjeXxySWJrOJ77hBz+TBrBQ7o4QJqbPbqbs8rJw==

"@vue/reactivity@3.4.27":
  version "3.4.27"
  resolved "https://registry.yarnpkg.com/@vue/reactivity/-/reactivity-3.4.27.tgz#6ece72331bf719953f5eaa95ec60b2b8d49e3791"
  integrity sha512-kK0g4NknW6JX2yySLpsm2jlunZJl2/RJGZ0H9ddHdfBVHcNzxmQ0sS0b09ipmBoQpY8JM2KmUw+a6sO8Zo+zIA==
  dependencies:
    "@vue/shared" "3.4.27"

"@vue/runtime-core@3.4.27":
  version "3.4.27"
  resolved "https://registry.yarnpkg.com/@vue/runtime-core/-/runtime-core-3.4.27.tgz#1b6e1d71e4604ba7442dd25ed22e4a1fc6adbbda"
  integrity sha512-7aYA9GEbOOdviqVvcuweTLe5Za4qBZkUY7SvET6vE8kyypxVgaT1ixHLg4urtOlrApdgcdgHoTZCUuTGap/5WA==
  dependencies:
    "@vue/reactivity" "3.4.27"
    "@vue/shared" "3.4.27"

"@vue/runtime-dom@3.4.27":
  version "3.4.27"
  resolved "https://registry.yarnpkg.com/@vue/runtime-dom/-/runtime-dom-3.4.27.tgz#fe8d1ce9bbe8921d5dd0ad5c10df0e04ef7a5ee7"
  integrity sha512-ScOmP70/3NPM+TW9hvVAz6VWWtZJqkbdf7w6ySsws+EsqtHvkhxaWLecrTorFxsawelM5Ys9FnDEMt6BPBDS0Q==
  dependencies:
    "@vue/runtime-core" "3.4.27"
    "@vue/shared" "3.4.27"
    csstype "^3.1.3"

"@vue/server-renderer@3.4.27":
  version "3.4.27"
  resolved "https://registry.yarnpkg.com/@vue/server-renderer/-/server-renderer-3.4.27.tgz#3306176f37e648ba665f97dda3ce705687be63d2"
  integrity sha512-dlAMEuvmeA3rJsOMJ2J1kXU7o7pOxgsNHVr9K8hB3ImIkSuBrIdy0vF66h8gf8Tuinf1TK3mPAz2+2sqyf3KzA==
  dependencies:
    "@vue/compiler-ssr" "3.4.27"
    "@vue/shared" "3.4.27"

"@vue/shared@3.4.27":
  version "3.4.27"
  resolved "https://registry.yarnpkg.com/@vue/shared/-/shared-3.4.27.tgz#f05e3cd107d157354bb4ae7a7b5fc9cf73c63b50"
  integrity sha512-DL3NmY2OFlqmYYrzp39yi3LDkKxa5vZVwxWdQ3rG0ekuWscHraeIbnI8t+aZK7qhYqEqWKTUdijadunb9pnrgA==

csstype@^3.1.3:
  version "3.1.3"
  resolved "https://registry.yarnpkg.com/csstype/-/csstype-3.1.3.tgz#d80ff294d114fb0e6ac500fbf85b60137d7eff81"
  integrity sha512-M1uQkMl8rQK/szD0LNhtqxIPLpimGm8sOBwU7lLnCpSbTyY3yeU1Vc7l4KT5zT4s/yOxHH5O7tIuuLOCnLADRw==

entities@^4.5.0:
  version "4.5.0"
  resolved "https://registry.yarnpkg.com/entities/-/entities-4.5.0.tgz#5d268ea5e7113ec74c4d033b79ea5a35a488fb48"
  integrity sha512-V0hjH4dGPh9Ao5p0MoRY6BVqtwCjhz6vI5LT8AJ55H+4g9/4vbHx1I54fS0XuclLhDHArPQCiMjDxjaL8fPxhw==

esbuild@^0.20.1:
  version "0.20.2"
  resolved "https://registry.yarnpkg.com/esbuild/-/esbuild-0.20.2.tgz#9d6b2386561766ee6b5a55196c6d766d28c87ea1"
  integrity sha512-WdOOppmUNU+IbZ0PaDiTst80zjnrOkyJNHoKupIcVyU8Lvla3Ugx94VzkQ32Ijqd7UhHJy75gNWDMUekcrSJ6g==
  optionalDependencies:
    "@esbuild/aix-ppc64" "0.20.2"
    "@esbuild/android-arm" "0.20.2"
    "@esbuild/android-arm64" "0.20.2"
    "@esbuild/android-x64" "0.20.2"
    "@esbuild/darwin-arm64" "0.20.2"
    "@esbuild/darwin-x64" "0.20.2"
    "@esbuild/freebsd-arm64" "0.20.2"
    "@esbuild/freebsd-x64" "0.20.2"
    "@esbuild/linux-arm" "0.20.2"
    "@esbuild/linux-arm64" "0.20.2"
    "@esbuild/linux-ia32" "0.20.2"
    "@esbuild/linux-loong64" "0.20.2"
    "@esbuild/linux-mips64el" "0.20.2"
    "@esbuild/linux-ppc64" "0.20.2"
    "@esbuild/linux-riscv64" "0.20.2"
    "@esbuild/linux-s390x" "0.20.2"
    "@esbuild/linux-x64" "0.20.2"
    "@esbuild/netbsd-x64" "0.20.2"
    "@esbuild/openbsd-x64" "0.20.2"
    "@esbuild/sunos-x64" "0.20.2"
    "@esbuild/win32-arm64" "0.20.2"
    "@esbuild/win32-ia32" "0.20.2"
    "@esbuild/win32-x64" "0.20.2"

estree-walker@^2.0.2:
  version "2.0.2"
  resolved "https://registry.yarnpkg.com/estree-walker/-/estree-walker-2.0.2.tgz#52f010178c2a4c117a7757cfe942adb7d2da4cac"
  integrity sha512-Rfkk/Mp/DL7JVje3u18FxFujQlTNR2q6QfMSMB7AvCBx91NGj/ba3kCfza0f6dVDbw7YlRf/nDrn7pQrCCyQ/w==

fsevents@~2.3.2, fsevents@~2.3.3:
  version "2.3.3"
  resolved "https://registry.yarnpkg.com/fsevents/-/fsevents-2.3.3.tgz#cac6407785d03675a2a5e1a5305c697b347d90d6"
  integrity sha512-5xoDfX+fL7faATnagmWPpbFtwh/R77WmMMqqHGS65C3vvB0YHrgF+B1YmZ3441tMj5n63k0212XNoJwzlhffQw==

magic-string@^0.30.10:
  version "0.30.10"
  resolved "https://registry.yarnpkg.com/magic-string/-/magic-string-0.30.10.tgz#123d9c41a0cb5640c892b041d4cfb3bd0aa4b39e"
  integrity sha512-iIRwTIf0QKV3UAnYK4PU8uiEc4SRh5jX0mwpIwETPpHdhVM4f53RSwS/vXvN1JhGX+Cs7B8qIq3d6AH49O5fAQ==
  dependencies:
    "@jridgewell/sourcemap-codec" "^1.4.15"

nanoid@^3.3.7:
  version "3.3.7"
  resolved "https://registry.yarnpkg.com/nanoid/-/nanoid-3.3.7.tgz#d0c301a691bc8d54efa0a2226ccf3fe2fd656bd8"
  integrity sha512-eSRppjcPIatRIMC1U6UngP8XFcz8MQWGQdt1MTBQ7NaAmvXDfvNxbvWV3x2y6CdEUciCSsDHDQZbhYaB8QEo2g==

picocolors@^1.0.0:
  version "1.0.1"
  resolved "https://registry.yarnpkg.com/picocolors/-/picocolors-1.0.1.tgz#a8ad579b571952f0e5d25892de5445bcfe25aaa1"
  integrity sha512-anP1Z8qwhkbmu7MFP5iTt+wQKXgwzf7zTyGlcdzabySa9vd0Xt392U0rVmz9poOaBj0uHJKyyo9/upk0HrEQew==

postcss@^8.4.38:
  version "8.4.38"
  resolved "https://registry.yarnpkg.com/postcss/-/postcss-8.4.38.tgz#b387d533baf2054288e337066d81c6bee9db9e0e"
  integrity sha512-Wglpdk03BSfXkHoQa3b/oulrotAkwrlLDRSOb9D0bN86FdRyE9lppSp33aHNPgBa0JKCoB+drFLZkQoRRYae5A==
  dependencies:
    nanoid "^3.3.7"
    picocolors "^1.0.0"
    source-map-js "^1.2.0"

rollup@^4.13.0:
  version "4.18.0"
  resolved "https://registry.yarnpkg.com/rollup/-/rollup-4.18.0.tgz#497f60f0c5308e4602cf41136339fbf87d5f5dda"
  integrity sha512-QmJz14PX3rzbJCN1SG4Xe/bAAX2a6NpCP8ab2vfu2GiUr8AQcr2nCV/oEO3yneFarB67zk8ShlIyWb2LGTb3Sg==
  dependencies:
    "@types/estree" "1.0.5"
  optionalDependencies:
    "@rollup/rollup-android-arm-eabi" "4.18.0"
    "@rollup/rollup-android-arm64" "4.18.0"
    "@rollup/rollup-darwin-arm64" "4.18.0"
    "@rollup/rollup-darwin-x64" "4.18.0"
    "@rollup/rollup-linux-arm-gnueabihf" "4.18.0"
    "@rollup/rollup-linux-arm-musleabihf" "4.18.0"
    "@rollup/rollup-linux-arm64-gnu" "4.18.0"
    "@rollup/rollup-linux-arm64-musl" "4.18.0"
    "@rollup/rollup-linux-powerpc64le-gnu" "4.18.0"
    "@rollup/rollup-linux-riscv64-gnu" "4.18.0"
    "@rollup/rollup-linux-s390x-gnu" "4.18.0"
    "@rollup/rollup-linux-x64-gnu" "4.18.0"
    "@rollup/rollup-linux-x64-musl" "4.18.0"
    "@rollup/rollup-win32-arm64-msvc" "4.18.0"
    "@rollup/rollup-win32-ia32-msvc" "4.18.0"
    "@rollup/rollup-win32-x64-msvc" "4.18.0"
    fsevents "~2.3.2"

source-map-js@^1.2.0:
  version "1.2.0"
  resolved "https://registry.yarnpkg.com/source-map-js/-/source-map-js-1.2.0.tgz#16b809c162517b5b8c3e7dcd315a2a5c2612b2af"
  integrity sha512-itJW8lvSA0TXEphiRoawsCksnlf8SyvmFzIhltqAHluXd88pkCd+cXJVHTDwdCr0IzwptSm035IHQktUu1QUMg==

tsparticles@^3.4.0:
  version "3.4.0"
  resolved "https://registry.yarnpkg.com/tsparticles/-/tsparticles-3.4.0.tgz#135c9dadc1e7b53ab2644c5f3ee9f87150925e61"
  integrity sha512-dJV40INsemU8cav60JvWr3wvEcGitNsRpjepIMenQmew7qo4bk5ZpzY9n6XK5Lu72OwDIyFdF7DCDbE4KTnPsQ==
  dependencies:
    "@tsparticles/engine" "^3.4.0"
    "@tsparticles/interaction-external-trail" "^3.4.0"
    "@tsparticles/plugin-absorbers" "^3.4.0"
    "@tsparticles/plugin-emitters" "^3.4.0"
    "@tsparticles/plugin-emitters-shape-circle" "^3.4.0"
    "@tsparticles/plugin-emitters-shape-square" "^3.4.0"
    "@tsparticles/shape-text" "^3.4.0"
    "@tsparticles/slim" "^3.4.0"
    "@tsparticles/updater-destroy" "^3.4.0"
    "@tsparticles/updater-roll" "^3.4.0"
    "@tsparticles/updater-tilt" "^3.4.0"
    "@tsparticles/updater-twinkle" "^3.4.0"
    "@tsparticles/updater-wobble" "^3.4.0"

vite@^5.2.8:
  version "5.2.12"
  resolved "https://registry.yarnpkg.com/vite/-/vite-5.2.12.tgz#3536c93c58ba18edea4915a2ac573e6537409d97"
  integrity sha512-/gC8GxzxMK5ntBwb48pR32GGhENnjtY30G4A0jemunsBkiEZFw60s8InGpN8gkhHEkjnRK1aSAxeQgwvFhUHAA==
  dependencies:
    esbuild "^0.20.1"
    postcss "^8.4.38"
    rollup "^4.13.0"
  optionalDependencies:
    fsevents "~2.3.3"

vue-router@^4.3.0:
  version "4.3.2"
  resolved "https://registry.yarnpkg.com/vue-router/-/vue-router-4.3.2.tgz#08096c7765dacc6832f58e35f7a081a8b34116a7"
  integrity sha512-hKQJ1vDAZ5LVkKEnHhmm1f9pMiWIBNGF5AwU67PdH7TyXCj/a4hTccuUuYCAMgJK6rO/NVYtQIEN3yL8CECa7Q==
  dependencies:
    "@vue/devtools-api" "^6.5.1"

vue@^3.3.13, vue@^3.4.21:
  version "3.4.27"
  resolved "https://registry.yarnpkg.com/vue/-/vue-3.4.27.tgz#40b7d929d3e53f427f7f5945386234d2854cc2a1"
  integrity sha512-8s/56uK6r01r1icG/aEOHqyMVxd1bkYcSe9j8HcKtr/xTOFWvnzIVTehNW+5Yt89f+DLBe4A569pnZLS5HzAMA==
  dependencies:
    "@vue/compiler-dom" "3.4.27"
    "@vue/compiler-sfc" "3.4.27"
    "@vue/runtime-dom" "3.4.27"
    "@vue/server-renderer" "3.4.27"
    "@vue/shared" "3.4.27"
